{
  "object": {
    "pins": [
      {
        "package": "Ccmark",
        "repositoryURL": "https://github.com/lmihalkovic/Ccmark.git",
        "state": {
          "branch": "lm",
          "revision": "881c3a87d4530a4bd5868652ddffcedc2ff0d785",
          "version": null
        }
      }
    ]
  },
  "version": 1
}
